
Microsoft Visual Studio Solution File, Format Version 12.00
# Visual Studio Version 17
VisualStudioVersion = 17.14.36429.23 d17.14
MinimumVisualStudioVersion = 10.0.40219.1
Project("{8BC9CEB8-8B4A-11D0-8D11-00A0C91BC942}") = "PDFWizConverter", "PDFWizConverter\PDFWizConverter.vcxproj", "{212EEB36-5B32-47B4-A151-36ABD868B78E}"
EndProject
Global
	GlobalSection(SolutionConfigurationPlatforms) = preSolution
		Debug|x64 = Debug|x64
		Release|x64 = Release|x64
		RelWithDebInfo|x64 = RelWithDebInfo|x64
	EndGlobalSection
	GlobalSection(ProjectConfigurationPlatforms) = postSolution
		{212EEB36-5B32-47B4-A151-36ABD868B78E}.Debug|x64.ActiveCfg = Debug|x64
		{212EEB36-5B32-47B4-A151-36ABD868B78E}.Debug|x64.Build.0 = Debug|x64
		{212EEB36-5B32-47B4-A151-36ABD868B78E}.Release|x64.ActiveCfg = Release|x64
		{212EEB36-5B32-47B4-A151-36ABD868B78E}.Release|x64.Build.0 = Release|x64
		{212EEB36-5B32-47B4-A151-36ABD868B78E}.RelWithDebInfo|x64.ActiveCfg = RelWithDebInfo|x64
		{212EEB36-5B32-47B4-A151-36ABD868B78E}.RelWithDebInfo|x64.Build.0 = RelWithDebInfo|x64
	EndGlobalSection
	GlobalSection(SolutionProperties) = preSolution
		HideSolutionNode = FALSE
	EndGlobalSection
	GlobalSection(ExtensibilityGlobals) = postSolution
		SolutionGuid = {D8D76E07-A02A-427E-8388-9B3121F51BC2}
	EndGlobalSection
EndGlobal
